// !$*UTF8*$!
{
	archiveVersion = 1;
	classes = {
	};
	objectVersion = 50;
	objects = {

/* Begin PBXBuildFile section */
		BC7C0316241BE94300174919 /* Demo.swift in Sources */ = {isa = PBXBuildFile; fileRef = BC7C0315241BE94300174919 /* Demo.swift */; };
		BC7C0318241BEFD800174919 /* ReadMe in Resources */ = {isa = PBXBuildFile; fileRef = BC7C0317241BEFD800174919 /* ReadMe */; };
		BCE0F5F4241BDED100278BB9 /* AppDelegate.swift in Sources */ = {isa = PBXBuildFile; fileRef = BCE0F5F3241BDED100278BB9 /* AppDelegate.swift */; };
		BCE0F5F6241BDED100278BB9 /* SceneDelegate.swift in Sources */ = {isa = PBXBuildFile; fileRef = BCE0F5F5241BDED100278BB9 /* SceneDelegate.swift */; };
		BCE0F5F8241BDED100278BB9 /* ViewController.swift in Sources */ = {isa = PBXBuildFile; fileRef = BCE0F5F7241BDED100278BB9 /* ViewController.swift */; };
		BCE0F5FB241BDED100278BB9 /* Main.storyboard in Resources */ = {isa = PBXBuildFile; fileRef = BCE0F5F9241BDED100278BB9 /* Main.storyboard */; };
		BCE0F5FD241BDED400278BB9 /* Assets.xcassets in Resources */ = {isa = PBXBuildFile; fileRef = BCE0F5FC241BDED400278BB9 /* Assets.xcassets */; };
		BCE0F600241BDED400278BB9 /* LaunchScreen.storyboard in Resources */ = {isa = PBXBuildFile; fileRef = BCE0F5FE241BDED400278BB9 /* LaunchScreen.storyboard */; };
		BCE0F60C241BE07300278BB9 /* AbstractTableViewController.swift in Sources */ = {isa = PBXBuildFile; fileRef = BCE0F60B241BE07300278BB9 /* AbstractTableViewController.swift */; };
		BCE0F60F241BE10C00278BB9 /* AbstractTableViewCell.swift in Sources */ = {isa = PBXBuildFile; fileRef = BCE0F60E241BE10C00278BB9 /* AbstractTableViewCell.swift */; };
		BCE0F612241BE4BA00278BB9 /* DemoListViewController.swift in Sources */ = {isa = PBXBuildFile; fileRef = BCE0F611241BE4BA00278BB9 /* DemoListViewController.swift */; };
		BCE0F615241BE55300278BB9 /* DemoListCell.swift in Sources */ = {isa = PBXBuildFile; fileRef = BCE0F614241BE55300278BB9 /* DemoListCell.swift */; };
		BCE0F617241BE5A200278BB9 /* DemoListCell.xib in Resources */ = {isa = PBXBuildFile; fileRef = BCE0F616241BE5A200278BB9 /* DemoListCell.xib */; };
/* End PBXBuildFile section */

/* Begin PBXFileReference section */
		BC7C0315241BE94300174919 /* Demo.swift */ = {isa = PBXFileReference; lastKnownFileType = sourcecode.swift; path = Demo.swift; sourceTree = "<group>"; };
		BC7C0317241BEFD800174919 /* ReadMe */ = {isa = PBXFileReference; lastKnownFileType = text; path = ReadMe; sourceTree = "<group>"; };
		BCE0F5F0241BDED100278BB9 /* AbstractDemo.app */ = {isa = PBXFileReference; explicitFileType = wrapper.application; includeInIndex = 0; path = AbstractDemo.app; sourceTree = BUILT_PRODUCTS_DIR; };
		BCE0F5F3241BDED100278BB9 /* AppDelegate.swift */ = {isa = PBXFileReference; lastKnownFileType = sourcecode.swift; path = AppDelegate.swift; sourceTree = "<group>"; };
		BCE0F5F5241BDED100278BB9 /* SceneDelegate.swift */ = {isa = PBXFileReference; lastKnownFileType = sourcecode.swift; path = SceneDelegate.swift; sourceTree = "<group>"; };
		BCE0F5F7241BDED100278BB9 /* ViewController.swift */ = {isa = PBXFileReference; lastKnownFileType = sourcecode.swift; path = ViewController.swift; sourceTree = "<group>"; };
		BCE0F5FA241BDED100278BB9 /* Base */ = {isa = PBXFileReference; lastKnownFileType = file.storyboard; name = Base; path = Base.lproj/Main.storyboard; sourceTree = "<group>"; };
		BCE0F5FC241BDED400278BB9 /* Assets.xcassets */ = {isa = PBXFileReference; lastKnownFileType = folder.assetcatalog; path = Assets.xcassets; sourceTree = "<group>"; };
		BCE0F5FF241BDED400278BB9 /* Base */ = {isa = PBXFileReference; lastKnownFileType = file.storyboard; name = Base; path = Base.lproj/LaunchScreen.storyboard; sourceTree = "<group>"; };
		BCE0F601241BDED400278BB9 /* Info.plist */ = {isa = PBXFileReference; lastKnownFileType = text.plist.xml; path = Info.plist; sourceTree = "<group>"; };
		BCE0F60B241BE07300278BB9 /* AbstractTableViewController.swift */ = {isa = PBXFileReference; lastKnownFileType = sourcecode.swift; path = AbstractTableViewController.swift; sourceTree = "<group>"; };
		BCE0F60E241BE10C00278BB9 /* AbstractTableViewCell.swift */ = {isa = PBXFileReference; lastKnownFileType = sourcecode.swift; path = AbstractTableViewCell.swift; sourceTree = "<group>"; };
		BCE0F611241BE4BA00278BB9 /* DemoListViewController.swift */ = {isa = PBXFileReference; lastKnownFileType = sourcecode.swift; path = DemoListViewController.swift; sourceTree = "<group>"; };
		BCE0F614241BE55300278BB9 /* DemoListCell.swift */ = {isa = PBXFileReference; lastKnownFileType = sourcecode.swift; path = DemoListCell.swift; sourceTree = "<group>"; };
		BCE0F616241BE5A200278BB9 /* DemoListCell.xib */ = {isa = PBXFileReference; lastKnownFileType = file.xib; path = DemoListCell.xib; sourceTree = "<group>"; };
/* End PBXFileReference section */

/* Begin PBXFrameworksBuildPhase section */
		BCE0F5ED241BDED100278BB9 /* Frameworks */ = {
			isa = PBXFrameworksBuildPhase;
			buildActionMask = 2147483647;
			files = (
			);
			runOnlyForDeploymentPostprocessing = 0;
		};
/* End PBXFrameworksBuildPhase section */

/* Begin PBXGroup section */
		BCE0F5E7241BDED100278BB9 = {
			isa = PBXGroup;
			children = (
				BCE0F5F2241BDED100278BB9 /* AbstractDemo */,
				BCE0F5F1241BDED100278BB9 /* Products */,
			);
			sourceTree = "<group>";
		};
		BCE0F5F1241BDED100278BB9 /* Products */ = {
			isa = PBXGroup;
			children = (
				BCE0F5F0241BDED100278BB9 /* AbstractDemo.app */,
			);
			name = Products;
			sourceTree = "<group>";
		};
		BCE0F5F2241BDED100278BB9 /* AbstractDemo */ = {
			isa = PBXGroup;
			children = (
				BCE0F5F5241BDED100278BB9 /* SceneDelegate.swift */,
				BCE0F5F3241BDED100278BB9 /* AppDelegate.swift */,
				BCE0F5FC241BDED400278BB9 /* Assets.xcassets */,
				BCE0F5F9241BDED100278BB9 /* Main.storyboard */,
				BCE0F5FE241BDED400278BB9 /* LaunchScreen.storyboard */,
				BCE0F601241BDED400278BB9 /* Info.plist */,
				BCE0F607241BDEEC00278BB9 /* Model */,
				BCE0F608241BDEF600278BB9 /* View */,
				BCE0F609241BDF5A00278BB9 /* Controller */,
				BC7C0317241BEFD800174919 /* ReadMe */,
			);
			path = AbstractDemo;
			sourceTree = "<group>";
		};
		BCE0F607241BDEEC00278BB9 /* Model */ = {
			isa = PBXGroup;
			children = (
				BC7C0315241BE94300174919 /* Demo.swift */,
			);
			path = Model;
			sourceTree = "<group>";
		};
		BCE0F608241BDEF600278BB9 /* View */ = {
			isa = PBXGroup;
			children = (
				BCE0F60D241BE0F400278BB9 /* AbstractCell */,
				BCE0F613241BE53600278BB9 /* ListCell */,
			);
			path = View;
			sourceTree = "<group>";
		};
		BCE0F609241BDF5A00278BB9 /* Controller */ = {
			isa = PBXGroup;
			children = (
				BCE0F60A241BDFAE00278BB9 /* Abstract */,
				BCE0F610241BE48800278BB9 /* ListController */,
				BCE0F5F7241BDED100278BB9 /* ViewController.swift */,
			);
			path = Controller;
			sourceTree = "<group>";
		};
		BCE0F60A241BDFAE00278BB9 /* Abstract */ = {
			isa = PBXGroup;
			children = (
				BCE0F60B241BE07300278BB9 /* AbstractTableViewController.swift */,
			);
			path = Abstract;
			sourceTree = "<group>";
		};
		BCE0F60D241BE0F400278BB9 /* AbstractCell */ = {
			isa = PBXGroup;
			children = (
				BCE0F60E241BE10C00278BB9 /* AbstractTableViewCell.swift */,
			);
			path = AbstractCell;
			sourceTree = "<group>";
		};
		BCE0F610241BE48800278BB9 /* ListController */ = {
			isa = PBXGroup;
			children = (
				BCE0F611241BE4BA00278BB9 /* DemoListViewController.swift */,
			);
			path = ListController;
			sourceTree = "<group>";
		};
		BCE0F613241BE53600278BB9 /* ListCell */ = {
			isa = PBXGroup;
			children = (
				BCE0F614241BE55300278BB9 /* DemoListCell.swift */,
				BCE0F616241BE5A200278BB9 /* DemoListCell.xib */,
			);
			path = ListCell;
			sourceTree = "<group>";
		};
/* End PBXGroup section */

/* Begin PBXNativeTarget section */
		BCE0F5EF241BDED100278BB9 /* AbstractDemo */ = {
			isa = PBXNativeTarget;
			buildConfigurationList = BCE0F604241BDED400278BB9 /* Build configuration list for PBXNativeTarget "AbstractDemo" */;
			buildPhases = (
				BCE0F5EC241BDED100278BB9 /* Sources */,
				BCE0F5ED241BDED100278BB9 /* Frameworks */,
				BCE0F5EE241BDED100278BB9 /* Resources */,
			);
			buildRules = (
			);
			dependencies = (
			);
			name = AbstractDemo;
			productName = AbstractDemo;
			productReference = BCE0F5F0241BDED100278BB9 /* AbstractDemo.app */;
			productType = "com.apple.product-type.application";
		};
/* End PBXNativeTarget section */

/* Begin PBXProject section */
		BCE0F5E8241BDED100278BB9 /* Project object */ = {
			isa = PBXProject;
			attributes = {
				LastSwiftUpdateCheck = 1130;
				LastUpgradeCheck = 1130;
				ORGANIZATIONNAME = "Ramanpreet Singh";
				TargetAttributes = {
					BCE0F5EF241BDED100278BB9 = {
						CreatedOnToolsVersion = 11.3.1;
					};
				};
			};
			buildConfigurationList = BCE0F5EB241BDED100278BB9 /* Build configuration list for PBXProject "AbstractDemo" */;
			compatibilityVersion = "Xcode 9.3";
			developmentRegion = en;
			hasScannedForEncodings = 0;
			knownRegions = (
				en,
				Base,
			);
			mainGroup = BCE0F5E7241BDED100278BB9;
			productRefGroup = BCE0F5F1241BDED100278BB9 /* Products */;
			projectDirPath = "";
			projectRoot = "";
			targets = (
				BCE0F5EF241BDED100278BB9 /* AbstractDemo */,
			);
		};
/* End PBXProject section */

/* Begin PBXResourcesBuildPhase section */
		BCE0F5EE241BDED100278BB9 /* Resources */ = {
			isa = PBXResourcesBuildPhase;
			buildActionMask = 2147483647;
			files = (
				BC7C0318241BEFD800174919 /* ReadMe in Resources */,
				BCE0F600241BDED400278BB9 /* LaunchScreen.storyboard in Resources */,
				BCE0F5FD241BDED400278BB9 /* Assets.xcassets in Resources */,
				BCE0F617241BE5A200278BB9 /* DemoListCell.xib in Resources */,
				BCE0F5FB241BDED100278BB9 /* Main.storyboard in Resources */,
			);
			runOnlyForDeploymentPostprocessing = 0;
		};
/* End PBXResourcesBuildPhase section */

/* Begin PBXSourcesBuildPhase section */
		BCE0F5EC241BDED100278BB9 /* Sources */ = {
			isa = PBXSourcesBuildPhase;
			buildActionMask = 2147483647;
			files = (
				BCE0F5F8241BDED100278BB9 /* ViewController.swift in Sources */,
				BCE0F60C241BE07300278BB9 /* AbstractTableViewController.swift in Sources */,
				BC7C0316241BE94300174919 /* Demo.swift in Sources */,
				BCE0F615241BE55300278BB9 /* DemoListCell.swift in Sources */,
				BCE0F5F4241BDED100278BB9 /* AppDelegate.swift in Sources */,
				BCE0F60F241BE10C00278BB9 /* AbstractTableViewCell.swift in Sources */,
				BCE0F5F6241BDED100278BB9 /* SceneDelegate.swift in Sources */,
				BCE0F612241BE4BA00278BB9 /* DemoListViewController.swift in Sources */,
			);
			runOnlyForDeploymentPostprocessing = 0;
		};
/* End PBXSourcesBuildPhase section */

/* Begin PBXVariantGroup section */
		BCE0F5F9241BDED100278BB9 /* Main.storyboard */ = {
			isa = PBXVariantGroup;
			children = (
				BCE0F5FA241BDED100278BB9 /* Base */,
			);
			name = Main.storyboard;
			sourceTree = "<group>";
		};
		BCE0F5FE241BDED400278BB9 /* LaunchScreen.storyboard */ = {
			isa = PBXVariantGroup;
			children = (
				BCE0F5FF241BDED400278BB9 /* Base */,
			);
			name = LaunchScreen.storyboard;
			sourceTree = "<group>";
		};
/* End PBXVariantGroup section */

/* Begin XCBuildConfiguration section */
		BCE0F602241BDED400278BB9 /* Debug */ = {
			isa = XCBuildConfiguration;
			buildSettings = {
				ALWAYS_SEARCH_USER_PATHS = NO;
				CLANG_ANALYZER_NONNULL = YES;
				CLANG_ANALYZER_NUMBER_OBJECT_CONVERSION = YES_AGGRESSIVE;
				CLANG_CXX_LANGUAGE_STANDARD = "gnu++14";
				CLANG_CXX_LIBRARY = "libc++";
				CLANG_ENABLE_MODULES = YES;
				CLANG_ENABLE_OBJC_ARC = YES;
				CLANG_ENABLE_OBJC_WEAK = YES;
				CLANG_WARN_BLOCK_CAPTURE_AUTORELEASING = YES;
				CLANG_WARN_BOOL_CONVERSION = YES;
				CLANG_WARN_COMMA = YES;
				CLANG_WARN_CONSTANT_CONVERSION = YES;
				CLANG_WARN_DEPRECATED_OBJC_IMPLEMENTATIONS = YES;
				CLANG_WARN_DIRECT_OBJC_ISA_USAGE = YES_ERROR;
				CLANG_WARN_DOCUMENTATION_COMMENTS = YES;
				CLANG_WARN_EMPTY_BODY = YES;
				CLANG_WARN_ENUM_CONVERSION = YES;
				CLANG_WARN_INFINITE_RECURSION = YES;
				CLANG_WARN_INT_CONVERSION = YES;
				CLANG_WARN_NON_LITERAL_NULL_CONVERSION = YES;
				CLANG_WARN_OBJC_IMPLICIT_RETAIN_SELF = YES;
				CLANG_WARN_OBJC_LITERAL_CONVERSION = YES;
				CLANG_WARN_OBJC_ROOT_CLASS = YES_ERROR;
				CLANG_WARN_RANGE_LOOP_ANALYSIS = YES;
				CLANG_WARN_STRICT_PROTOTYPES = YES;
				CLANG_WARN_SUSPICIOUS_MOVE = YES;
				CLANG_WARN_UNGUARDED_AVAILABILITY = YES_AGGRESSIVE;
				CLANG_WARN_UNREACHABLE_CODE = YES;
				CLANG_WARN__DUPLICATE_METHOD_MATCH = YES;
				COPY_PHASE_STRIP = NO;
				DEBUG_INFORMATION_FORMAT = dwarf;
				ENABLE_STRICT_OBJC_MSGSEND = YES;
				ENABLE_TESTABILITY = YES;
				GCC_C_LANGUAGE_STANDARD = gnu11;
				GCC_DYNAMIC_NO_PIC = NO;
				GCC_NO_COMMON_BLOCKS = YES;
				GCC_OPTIMIZATION_LEVEL = 0;
				GCC_PREPROCESSOR_DEFINITIONS = (
					"DEBUG=1",
					"$(inherited)",
				);
				GCC_WARN_64_TO_32_BIT_CONVERSION = YES;
				GCC_WARN_ABOUT_RETURN_TYPE = YES_ERROR;
				GCC_WARN_UNDECLARED_SELECTOR = YES;
				GCC_WARN_UNINITIALIZED_AUTOS = YES_AGGRESSIVE;
				GCC_WARN_UNUSED_FUNCTION = YES;
				GCC_WARN_UNUSED_VARIABLE = YES;
				IPHONEOS_DEPLOYMENT_TARGET = 13.2;
				MTL_ENABLE_DEBUG_INFO = INCLUDE_SOURCE;
				MTL_FAST_MATH = YES;
				ONLY_ACTIVE_ARCH = YES;
				SDKROOT = iphoneos;
				SWIFT_ACTIVE_COMPILATION_CONDITIONS = DEBUG;
				SWIFT_OPTIMIZATION_LEVEL = "-Onone";
			};
			name = Debug;
		};
		BCE0F603241BDED400278BB9 /* Release */ = {
			isa = XCBuildConfiguration;
			buildSettings = {
				ALWAYS_SEARCH_USER_PATHS = NO;
				CLANG_ANALYZER_NONNULL = YES;
				CLANG_ANALYZER_NUMBER_OBJECT_CONVERSION = YES_AGGRESSIVE;
				CLANG_CXX_LANGUAGE_STANDARD = "gnu++14";
				CLANG_CXX_LIBRARY = "libc++";
				CLANG_ENABLE_MODULES = YES;
				CLANG_ENABLE_OBJC_ARC = YES;
				CLANG_ENABLE_OBJC_WEAK = YES;
				CLANG_WARN_BLOCK_CAPTURE_AUTORELEASING = YES;
				CLANG_WARN_BOOL_CONVERSION = YES;
				CLANG_WARN_COMMA = YES;
				CLANG_WARN_CONSTANT_CONVERSION = YES;
				CLANG_WARN_DEPRECATED_OBJC_IMPLEMENTATIONS = YES;
				CLANG_WARN_DIRECT_OBJC_ISA_USAGE = YES_ERROR;
				CLANG_WARN_DOCUMENTATION_COMMENTS = YES;
				CLANG_WARN_EMPTY_BODY = YES;
				CLANG_WARN_ENUM_CONVERSION = YES;
				CLANG_WARN_INFINITE_RECURSION = YES;
				CLANG_WARN_INT_CONVERSION = YES;
				CLANG_WARN_NON_LITERAL_NULL_CONVERSION = YES;
				CLANG_WARN_OBJC_IMPLICIT_RETAIN_SELF = YES;
				CLANG_WARN_OBJC_LITERAL_CONVERSION = YES;
				CLANG_WARN_OBJC_ROOT_CLASS = YES_ERROR;
				CLANG_WARN_RANGE_LOOP_ANALYSIS = YES;
				CLANG_WARN_STRICT_PROTOTYPES = YES;
				CLANG_WARN_SUSPICIOUS_MOVE = YES;
				CLANG_WARN_UNGUARDED_AVAILABILITY = YES_AGGRESSIVE;
				CLANG_WARN_UNREACHABLE_CODE = YES;
				CLANG_WARN__DUPLICATE_METHOD_MATCH = YES;
				COPY_PHASE_STRIP = NO;
				DEBUG_INFORMATION_FORMAT = "dwarf-with-dsym";
				ENABLE_NS_ASSERTIONS = NO;
				ENABLE_STRICT_OBJC_MSGSEND = YES;
				GCC_C_LANGUAGE_STANDARD = gnu11;
				GCC_NO_COMMON_BLOCKS = YES;
				GCC_WARN_64_TO_32_BIT_CONVERSION = YES;
				GCC_WARN_ABOUT_RETURN_TYPE = YES_ERROR;
				GCC_WARN_UNDECLARED_SELECTOR = YES;
				GCC_WARN_UNINITIALIZED_AUTOS = YES_AGGRESSIVE;
				GCC_WARN_UNUSED_FUNCTION = YES;
				GCC_WARN_UNUSED_VARIABLE = YES;
				IPHONEOS_DEPLOYMENT_TARGET = 13.2;
				MTL_ENABLE_DEBUG_INFO = NO;
				MTL_FAST_MATH = YES;
				SDKROOT = iphoneos;
				SWIFT_COMPILATION_MODE = wholemodule;
				SWIFT_OPTIMIZATION_LEVEL = "-O";
				VALIDATE_PRODUCT = YES;
			};
			name = Release;
		};
		BCE0F605241BDED400278BB9 /* Debug */ = {
			isa = XCBuildConfiguration;
			buildSettings = {
				ASSETCATALOG_COMPILER_APPICON_NAME = AppIcon;
				CODE_SIGN_STYLE = Automatic;
				INFOPLIST_FILE = AbstractDemo/Info.plist;
				LD_RUNPATH_SEARCH_PATHS = (
					"$(inherited)",
					"@executable_path/Frameworks",
				);
				PRODUCT_BUNDLE_IDENTIFIER = com.ramanpreet.AbstractDemo;
				PRODUCT_NAME = "$(TARGET_NAME)";
				SWIFT_VERSION = 5.0;
				TARGETED_DEVICE_FAMILY = "1,2";
			};
			name = Debug;
		};
		BCE0F606241BDED400278BB9 /* Release */ = {
			isa = XCBuildConfiguration;
			buildSettings = {
				ASSETCATALOG_COMPILER_APPICON_NAME = AppIcon;
				CODE_SIGN_STYLE = Automatic;
				INFOPLIST_FILE = AbstractDemo/Info.plist;
				LD_RUNPATH_SEARCH_PATHS = (
					"$(inherited)",
					"@executable_path/Frameworks",
				);
				PRODUCT_BUNDLE_IDENTIFIER = com.ramanpreet.AbstractDemo;
				PRODUCT_NAME = "$(TARGET_NAME)";
				SWIFT_VERSION = 5.0;
				TARGETED_DEVICE_FAMILY = "1,2";
			};
			name = Release;
		};
/* End XCBuildConfiguration section */

/* Begin XCConfigurationList section */
		BCE0F5EB241BDED100278BB9 /* Build configuration list for PBXProject "AbstractDemo" */ = {
			isa = XCConfigurationList;
			buildConfigurations = (
				BCE0F602241BDED400278BB9 /* Debug */,
				BCE0F603241BDED400278BB9 /* Release */,
			);
			defaultConfigurationIsVisible = 0;
			defaultConfigurationName = Release;
		};
		BCE0F604241BDED400278BB9 /* Build configuration list for PBXNativeTarget "AbstractDemo" */ = {
			isa = XCConfigurationList;
			buildConfigurations = (
				BCE0F605241BDED400278BB9 /* Debug */,
				BCE0F606241BDED400278BB9 /* Release */,
			);
			defaultConfigurationIsVisible = 0;
			defaultConfigurationName = Release;
		};
/* End XCConfigurationList section */
	};
	rootObject = BCE0F5E8241BDED100278BB9 /* Project object */;
}
